
Microsoft Visual Studio Solution File, Format Version 12.00
# Visual Studio Version 17
VisualStudioVersion = 17.9.34728.123
MinimumVisualStudioVersion = 10.0.40219.1
Project("{FAE04EC0-301F-11D3-BF4B-00C04F79EFBC}") = "JitTeam_Rekrutacja", "JitTeam_Rekrutacja\JitTeam_Rekrutacja.csproj", "{008C90B3-ABED-410B-BA9E-3DA71DF3D61D}"
EndProject
Global
	GlobalSection(SolutionConfigurationPlatforms) = preSolution
		Debug|Any CPU = Debug|Any CPU
		Release|Any CPU = Release|Any CPU
	EndGlobalSection
	GlobalSection(ProjectConfigurationPlatforms) = postSolution
		{008C90B3-ABED-410B-BA9E-3DA71DF3D61D}.Debug|Any CPU.ActiveCfg = Debug|Any CPU
		{008C90B3-ABED-410B-BA9E-3DA71DF3D61D}.Debug|Any CPU.Build.0 = Debug|Any CPU
		{008C90B3-ABED-410B-BA9E-3DA71DF3D61D}.Release|Any CPU.ActiveCfg = Release|Any CPU
		{008C90B3-ABED-410B-BA9E-3DA71DF3D61D}.Release|Any CPU.Build.0 = Release|Any CPU
	EndGlobalSection
	GlobalSection(SolutionProperties) = preSolution
		HideSolutionNode = FALSE
	EndGlobalSection
	GlobalSection(ExtensibilityGlobals) = postSolution
		SolutionGuid = {C3CC9D0C-320B-41C2-80B8-D3AF59C3C5CB}
	EndGlobalSection
EndGlobal
